// !$*UTF8*$!
{
	archiveVersion = 1;
	classes = {
	};
	objectVersion = 56;
	objects = {

/* Begin PBXBuildFile section */
		2204CD5A2BB209AF00924047 /* TheCatAppApp.swift in Sources */ = {isa = PBXBuildFile; fileRef = 2204CD592BB209AF00924047 /* TheCatAppApp.swift */; };
		2204CD5C2BB209AF00924047 /* ContentView.swift in Sources */ = {isa = PBXBuildFile; fileRef = 2204CD5B2BB209AF00924047 /* ContentView.swift */; };
		2204CD5E2BB209B000924047 /* Assets.xcassets in Resources */ = {isa = PBXBuildFile; fileRef = 2204CD5D2BB209B000924047 /* Assets.xcassets */; };
		2204CD612BB209B000924047 /* Preview Assets.xcassets in Resources */ = {isa = PBXBuildFile; fileRef = 2204CD602BB209B000924047 /* Preview Assets.xcassets */; };
		2204CD692BB20A3300924047 /* CatListView.swift in Sources */ = {isa = PBXBuildFile; fileRef = 2204CD682BB20A3300924047 /* CatListView.swift */; };
		2204CD6B2BB20A4100924047 /* CatListViewModel.swift in Sources */ = {isa = PBXBuildFile; fileRef = 2204CD6A2BB20A4100924047 /* CatListViewModel.swift */; };
		2204CD6E2BB20A9400924047 /* Cat.swift in Sources */ = {isa = PBXBuildFile; fileRef = 2204CD6D2BB20A9400924047 /* Cat.swift */; };
		2204CD712BB20AE800924047 /* AnimalProtocol.swift in Sources */ = {isa = PBXBuildFile; fileRef = 2204CD702BB20AE800924047 /* AnimalProtocol.swift */; };
		2204CD732BB20B6E00924047 /* ApiRequestProtocol.swift in Sources */ = {isa = PBXBuildFile; fileRef = 2204CD722BB20B6E00924047 /* ApiRequestProtocol.swift */; };
		2204CD762BB20BB000924047 /* CatApiRequests.swift in Sources */ = {isa = PBXBuildFile; fileRef = 2204CD752BB20BB000924047 /* CatApiRequests.swift */; };
		2204CD792BB20BFB00924047 /* GlobalFunctions.swift in Sources */ = {isa = PBXBuildFile; fileRef = 2204CD782BB20BFB00924047 /* GlobalFunctions.swift */; };
		2204CD7B2BB20CCB00924047 /* FavoriteCatView.swift in Sources */ = {isa = PBXBuildFile; fileRef = 2204CD7A2BB20CCB00924047 /* FavoriteCatView.swift */; };
		2204CD7D2BB20DBD00924047 /* Constants.swift in Sources */ = {isa = PBXBuildFile; fileRef = 2204CD7C2BB20DBD00924047 /* Constants.swift */; };
/* End PBXBuildFile section */

/* Begin PBXFileReference section */
		2204CD562BB209AF00924047 /* TheCatApp.app */ = {isa = PBXFileReference; explicitFileType = wrapper.application; includeInIndex = 0; path = TheCatApp.app; sourceTree = BUILT_PRODUCTS_DIR; };
		2204CD592BB209AF00924047 /* TheCatAppApp.swift */ = {isa = PBXFileReference; lastKnownFileType = sourcecode.swift; path = TheCatAppApp.swift; sourceTree = "<group>"; };
		2204CD5B2BB209AF00924047 /* ContentView.swift */ = {isa = PBXFileReference; lastKnownFileType = sourcecode.swift; path = ContentView.swift; sourceTree = "<group>"; };
		2204CD5D2BB209B000924047 /* Assets.xcassets */ = {isa = PBXFileReference; lastKnownFileType = folder.assetcatalog; path = Assets.xcassets; sourceTree = "<group>"; };
		2204CD602BB209B000924047 /* Preview Assets.xcassets */ = {isa = PBXFileReference; lastKnownFileType = folder.assetcatalog; path = "Preview Assets.xcassets"; sourceTree = "<group>"; };
		2204CD682BB20A3300924047 /* CatListView.swift */ = {isa = PBXFileReference; lastKnownFileType = sourcecode.swift; path = CatListView.swift; sourceTree = "<group>"; };
		2204CD6A2BB20A4100924047 /* CatListViewModel.swift */ = {isa = PBXFileReference; lastKnownFileType = sourcecode.swift; path = CatListViewModel.swift; sourceTree = "<group>"; };
		2204CD6D2BB20A9400924047 /* Cat.swift */ = {isa = PBXFileReference; lastKnownFileType = sourcecode.swift; path = Cat.swift; sourceTree = "<group>"; };
		2204CD702BB20AE800924047 /* AnimalProtocol.swift */ = {isa = PBXFileReference; lastKnownFileType = sourcecode.swift; path = AnimalProtocol.swift; sourceTree = "<group>"; };
		2204CD722BB20B6E00924047 /* ApiRequestProtocol.swift */ = {isa = PBXFileReference; lastKnownFileType = sourcecode.swift; path = ApiRequestProtocol.swift; sourceTree = "<group>"; };
		2204CD752BB20BB000924047 /* CatApiRequests.swift */ = {isa = PBXFileReference; lastKnownFileType = sourcecode.swift; path = CatApiRequests.swift; sourceTree = "<group>"; };
		2204CD782BB20BFB00924047 /* GlobalFunctions.swift */ = {isa = PBXFileReference; lastKnownFileType = sourcecode.swift; path = GlobalFunctions.swift; sourceTree = "<group>"; };
		2204CD7A2BB20CCB00924047 /* FavoriteCatView.swift */ = {isa = PBXFileReference; lastKnownFileType = sourcecode.swift; path = FavoriteCatView.swift; sourceTree = "<group>"; };
		2204CD7C2BB20DBD00924047 /* Constants.swift */ = {isa = PBXFileReference; lastKnownFileType = sourcecode.swift; path = Constants.swift; sourceTree = "<group>"; };
/* End PBXFileReference section */

/* Begin PBXFrameworksBuildPhase section */
		2204CD532BB209AF00924047 /* Frameworks */ = {
			isa = PBXFrameworksBuildPhase;
			buildActionMask = 2147483647;
			files = (
			);
			runOnlyForDeploymentPostprocessing = 0;
		};
/* End PBXFrameworksBuildPhase section */

/* Begin PBXGroup section */
		2204CD4D2BB209AF00924047 = {
			isa = PBXGroup;
			children = (
				2204CD582BB209AF00924047 /* TheCatApp */,
				2204CD572BB209AF00924047 /* Products */,
			);
			sourceTree = "<group>";
		};
		2204CD572BB209AF00924047 /* Products */ = {
			isa = PBXGroup;
			children = (
				2204CD562BB209AF00924047 /* TheCatApp.app */,
			);
			name = Products;
			sourceTree = "<group>";
		};
		2204CD582BB209AF00924047 /* TheCatApp */ = {
			isa = PBXGroup;
			children = (
				2204CD6C2BB20A8B00924047 /* Data */,
				2204CD742BB20B9E00924047 /* Api */,
				2204CD6F2BB20ABB00924047 /* Protocol */,
				2204CD672BB20A2200924047 /* View */,
				2204CD772BB20BDF00924047 /* Utils */,
				2204CD592BB209AF00924047 /* TheCatAppApp.swift */,
				2204CD5B2BB209AF00924047 /* ContentView.swift */,
				2204CD5D2BB209B000924047 /* Assets.xcassets */,
				2204CD5F2BB209B000924047 /* Preview Content */,
			);
			path = TheCatApp;
			sourceTree = "<group>";
		};
		2204CD5F2BB209B000924047 /* Preview Content */ = {
			isa = PBXGroup;
			children = (
				2204CD602BB209B000924047 /* Preview Assets.xcassets */,
			);
			path = "Preview Content";
			sourceTree = "<group>";
		};
		2204CD672BB20A2200924047 /* View */ = {
			isa = PBXGroup;
			children = (
				2204CD682BB20A3300924047 /* CatListView.swift */,
				2204CD6A2BB20A4100924047 /* CatListViewModel.swift */,
				2204CD7A2BB20CCB00924047 /* FavoriteCatView.swift */,
			);
			path = View;
			sourceTree = "<group>";
		};
		2204CD6C2BB20A8B00924047 /* Data */ = {
			isa = PBXGroup;
			children = (
				2204CD6D2BB20A9400924047 /* Cat.swift */,
			);
			path = Data;
			sourceTree = "<group>";
		};
		2204CD6F2BB20ABB00924047 /* Protocol */ = {
			isa = PBXGroup;
			children = (
				2204CD702BB20AE800924047 /* AnimalProtocol.swift */,
				2204CD722BB20B6E00924047 /* ApiRequestProtocol.swift */,
			);
			path = Protocol;
			sourceTree = "<group>";
		};
		2204CD742BB20B9E00924047 /* Api */ = {
			isa = PBXGroup;
			children = (
				2204CD752BB20BB000924047 /* CatApiRequests.swift */,
			);
			path = Api;
			sourceTree = "<group>";
		};
		2204CD772BB20BDF00924047 /* Utils */ = {
			isa = PBXGroup;
			children = (
				2204CD782BB20BFB00924047 /* GlobalFunctions.swift */,
				2204CD7C2BB20DBD00924047 /* Constants.swift */,
			);
			path = Utils;
			sourceTree = "<group>";
		};
/* End PBXGroup section */

/* Begin PBXNativeTarget section */
		2204CD552BB209AF00924047 /* TheCatApp */ = {
			isa = PBXNativeTarget;
			buildConfigurationList = 2204CD642BB209B000924047 /* Build configuration list for PBXNativeTarget "TheCatApp" */;
			buildPhases = (
				2204CD522BB209AF00924047 /* Sources */,
				2204CD532BB209AF00924047 /* Frameworks */,
				2204CD542BB209AF00924047 /* Resources */,
			);
			buildRules = (
			);
			dependencies = (
			);
			name = TheCatApp;
			productName = TheCatApp;
			productReference = 2204CD562BB209AF00924047 /* TheCatApp.app */;
			productType = "com.apple.product-type.application";
		};
/* End PBXNativeTarget section */

/* Begin PBXProject section */
		2204CD4E2BB209AF00924047 /* Project object */ = {
			isa = PBXProject;
			attributes = {
				BuildIndependentTargetsInParallel = 1;
				LastSwiftUpdateCheck = 1530;
				LastUpgradeCheck = 1530;
				TargetAttributes = {
					2204CD552BB209AF00924047 = {
						CreatedOnToolsVersion = 15.3;
					};
				};
			};
			buildConfigurationList = 2204CD512BB209AF00924047 /* Build configuration list for PBXProject "TheCatApp" */;
			compatibilityVersion = "Xcode 14.0";
			developmentRegion = en;
			hasScannedForEncodings = 0;
			knownRegions = (
				en,
				Base,
			);
			mainGroup = 2204CD4D2BB209AF00924047;
			productRefGroup = 2204CD572BB209AF00924047 /* Products */;
			projectDirPath = "";
			projectRoot = "";
			targets = (
				2204CD552BB209AF00924047 /* TheCatApp */,
			);
		};
/* End PBXProject section */

/* Begin PBXResourcesBuildPhase section */
		2204CD542BB209AF00924047 /* Resources */ = {
			isa = PBXResourcesBuildPhase;
			buildActionMask = 2147483647;
			files = (
				2204CD612BB209B000924047 /* Preview Assets.xcassets in Resources */,
				2204CD5E2BB209B000924047 /* Assets.xcassets in Resources */,
			);
			runOnlyForDeploymentPostprocessing = 0;
		};
/* End PBXResourcesBuildPhase section */

/* Begin PBXSourcesBuildPhase section */
		2204CD522BB209AF00924047 /* Sources */ = {
			isa = PBXSourcesBuildPhase;
			buildActionMask = 2147483647;
			files = (
				2204CD5C2BB209AF00924047 /* ContentView.swift in Sources */,
				2204CD7D2BB20DBD00924047 /* Constants.swift in Sources */,
				2204CD732BB20B6E00924047 /* ApiRequestProtocol.swift in Sources */,
				2204CD6B2BB20A4100924047 /* CatListViewModel.swift in Sources */,
				2204CD6E2BB20A9400924047 /* Cat.swift in Sources */,
				2204CD692BB20A3300924047 /* CatListView.swift in Sources */,
				2204CD7B2BB20CCB00924047 /* FavoriteCatView.swift in Sources */,
				2204CD762BB20BB000924047 /* CatApiRequests.swift in Sources */,
				2204CD5A2BB209AF00924047 /* TheCatAppApp.swift in Sources */,
				2204CD712BB20AE800924047 /* AnimalProtocol.swift in Sources */,
				2204CD792BB20BFB00924047 /* GlobalFunctions.swift in Sources */,
			);
			runOnlyForDeploymentPostprocessing = 0;
		};
/* End PBXSourcesBuildPhase section */

/* Begin XCBuildConfiguration section */
		2204CD622BB209B000924047 /* Debug */ = {
			isa = XCBuildConfiguration;
			buildSettings = {
				ALWAYS_SEARCH_USER_PATHS = NO;
				ASSETCATALOG_COMPILER_GENERATE_SWIFT_ASSET_SYMBOL_EXTENSIONS = YES;
				CLANG_ANALYZER_NONNULL = YES;
				CLANG_ANALYZER_NUMBER_OBJECT_CONVERSION = YES_AGGRESSIVE;
				CLANG_CXX_LANGUAGE_STANDARD = "gnu++20";
				CLANG_ENABLE_MODULES = YES;
				CLANG_ENABLE_OBJC_ARC = YES;
				CLANG_ENABLE_OBJC_WEAK = YES;
				CLANG_WARN_BLOCK_CAPTURE_AUTORELEASING = YES;
				CLANG_WARN_BOOL_CONVERSION = YES;
				CLANG_WARN_COMMA = YES;
				CLANG_WARN_CONSTANT_CONVERSION = YES;
				CLANG_WARN_DEPRECATED_OBJC_IMPLEMENTATIONS = YES;
				CLANG_WARN_DIRECT_OBJC_ISA_USAGE = YES_ERROR;
				CLANG_WARN_DOCUMENTATION_COMMENTS = YES;
				CLANG_WARN_EMPTY_BODY = YES;
				CLANG_WARN_ENUM_CONVERSION = YES;
				CLANG_WARN_INFINITE_RECURSION = YES;
				CLANG_WARN_INT_CONVERSION = YES;
				CLANG_WARN_NON_LITERAL_NULL_CONVERSION = YES;
				CLANG_WARN_OBJC_IMPLICIT_RETAIN_SELF = YES;
				CLANG_WARN_OBJC_LITERAL_CONVERSION = YES;
				CLANG_WARN_OBJC_ROOT_CLASS = YES_ERROR;
				CLANG_WARN_QUOTED_INCLUDE_IN_FRAMEWORK_HEADER = YES;
				CLANG_WARN_RANGE_LOOP_ANALYSIS = YES;
				CLANG_WARN_STRICT_PROTOTYPES = YES;
				CLANG_WARN_SUSPICIOUS_MOVE = YES;
				CLANG_WARN_UNGUARDED_AVAILABILITY = YES_AGGRESSIVE;
				CLANG_WARN_UNREACHABLE_CODE = YES;
				CLANG_WARN__DUPLICATE_METHOD_MATCH = YES;
				COPY_PHASE_STRIP = NO;
				DEBUG_INFORMATION_FORMAT = dwarf;
				ENABLE_STRICT_OBJC_MSGSEND = YES;
				ENABLE_TESTABILITY = YES;
				ENABLE_USER_SCRIPT_SANDBOXING = YES;
				GCC_C_LANGUAGE_STANDARD = gnu17;
				GCC_DYNAMIC_NO_PIC = NO;
				GCC_NO_COMMON_BLOCKS = YES;
				GCC_OPTIMIZATION_LEVEL = 0;
				GCC_PREPROCESSOR_DEFINITIONS = (
					"DEBUG=1",
					"$(inherited)",
				);
				GCC_WARN_64_TO_32_BIT_CONVERSION = YES;
				GCC_WARN_ABOUT_RETURN_TYPE = YES_ERROR;
				GCC_WARN_UNDECLARED_SELECTOR = YES;
				GCC_WARN_UNINITIALIZED_AUTOS = YES_AGGRESSIVE;
				GCC_WARN_UNUSED_FUNCTION = YES;
				GCC_WARN_UNUSED_VARIABLE = YES;
				IPHONEOS_DEPLOYMENT_TARGET = 17.4;
				LOCALIZATION_PREFERS_STRING_CATALOGS = YES;
				MTL_ENABLE_DEBUG_INFO = INCLUDE_SOURCE;
				MTL_FAST_MATH = YES;
				ONLY_ACTIVE_ARCH = YES;
				SDKROOT = iphoneos;
				SWIFT_ACTIVE_COMPILATION_CONDITIONS = "DEBUG $(inherited)";
				SWIFT_OPTIMIZATION_LEVEL = "-Onone";
			};
			name = Debug;
		};
		2204CD632BB209B000924047 /* Release */ = {
			isa = XCBuildConfiguration;
			buildSettings = {
				ALWAYS_SEARCH_USER_PATHS = NO;
				ASSETCATALOG_COMPILER_GENERATE_SWIFT_ASSET_SYMBOL_EXTENSIONS = YES;
				CLANG_ANALYZER_NONNULL = YES;
				CLANG_ANALYZER_NUMBER_OBJECT_CONVERSION = YES_AGGRESSIVE;
				CLANG_CXX_LANGUAGE_STANDARD = "gnu++20";
				CLANG_ENABLE_MODULES = YES;
				CLANG_ENABLE_OBJC_ARC = YES;
				CLANG_ENABLE_OBJC_WEAK = YES;
				CLANG_WARN_BLOCK_CAPTURE_AUTORELEASING = YES;
				CLANG_WARN_BOOL_CONVERSION = YES;
				CLANG_WARN_COMMA = YES;
				CLANG_WARN_CONSTANT_CONVERSION = YES;
				CLANG_WARN_DEPRECATED_OBJC_IMPLEMENTATIONS = YES;
				CLANG_WARN_DIRECT_OBJC_ISA_USAGE = YES_ERROR;
				CLANG_WARN_DOCUMENTATION_COMMENTS = YES;
				CLANG_WARN_EMPTY_BODY = YES;
				CLANG_WARN_ENUM_CONVERSION = YES;
				CLANG_WARN_INFINITE_RECURSION = YES;
				CLANG_WARN_INT_CONVERSION = YES;
				CLANG_WARN_NON_LITERAL_NULL_CONVERSION = YES;
				CLANG_WARN_OBJC_IMPLICIT_RETAIN_SELF = YES;
				CLANG_WARN_OBJC_LITERAL_CONVERSION = YES;
				CLANG_WARN_OBJC_ROOT_CLASS = YES_ERROR;
				CLANG_WARN_QUOTED_INCLUDE_IN_FRAMEWORK_HEADER = YES;
				CLANG_WARN_RANGE_LOOP_ANALYSIS = YES;
				CLANG_WARN_STRICT_PROTOTYPES = YES;
				CLANG_WARN_SUSPICIOUS_MOVE = YES;
				CLANG_WARN_UNGUARDED_AVAILABILITY = YES_AGGRESSIVE;
				CLANG_WARN_UNREACHABLE_CODE = YES;
				CLANG_WARN__DUPLICATE_METHOD_MATCH = YES;
				COPY_PHASE_STRIP = NO;
				DEBUG_INFORMATION_FORMAT = "dwarf-with-dsym";
				ENABLE_NS_ASSERTIONS = NO;
				ENABLE_STRICT_OBJC_MSGSEND = YES;
				ENABLE_USER_SCRIPT_SANDBOXING = YES;
				GCC_C_LANGUAGE_STANDARD = gnu17;
				GCC_NO_COMMON_BLOCKS = YES;
				GCC_WARN_64_TO_32_BIT_CONVERSION = YES;
				GCC_WARN_ABOUT_RETURN_TYPE = YES_ERROR;
				GCC_WARN_UNDECLARED_SELECTOR = YES;
				GCC_WARN_UNINITIALIZED_AUTOS = YES_AGGRESSIVE;
				GCC_WARN_UNUSED_FUNCTION = YES;
				GCC_WARN_UNUSED_VARIABLE = YES;
				IPHONEOS_DEPLOYMENT_TARGET = 17.4;
				LOCALIZATION_PREFERS_STRING_CATALOGS = YES;
				MTL_ENABLE_DEBUG_INFO = NO;
				MTL_FAST_MATH = YES;
				SDKROOT = iphoneos;
				SWIFT_COMPILATION_MODE = wholemodule;
				VALIDATE_PRODUCT = YES;
			};
			name = Release;
		};
		2204CD652BB209B000924047 /* Debug */ = {
			isa = XCBuildConfiguration;
			buildSettings = {
				ASSETCATALOG_COMPILER_APPICON_NAME = AppIcon;
				ASSETCATALOG_COMPILER_GLOBAL_ACCENT_COLOR_NAME = AccentColor;
				CODE_SIGN_STYLE = Automatic;
				CURRENT_PROJECT_VERSION = 1;
				DEVELOPMENT_ASSET_PATHS = "\"TheCatApp/Preview Content\"";
				DEVELOPMENT_TEAM = CKPBCWX94W;
				ENABLE_PREVIEWS = YES;
				GENERATE_INFOPLIST_FILE = YES;
				INFOPLIST_KEY_CFBundleDisplayName = "The Cat App";
				INFOPLIST_KEY_UIApplicationSceneManifest_Generation = YES;
				INFOPLIST_KEY_UIApplicationSupportsIndirectInputEvents = YES;
				INFOPLIST_KEY_UILaunchScreen_Generation = YES;
				INFOPLIST_KEY_UISupportedInterfaceOrientations = UIInterfaceOrientationPortrait;
				INFOPLIST_KEY_UISupportedInterfaceOrientations_iPad = "UIInterfaceOrientationLandscapeLeft UIInterfaceOrientationLandscapeRight UIInterfaceOrientationPortrait UIInterfaceOrientationPortraitUpsideDown";
				IPHONEOS_DEPLOYMENT_TARGET = 16.0;
				LD_RUNPATH_SEARCH_PATHS = (
					"$(inherited)",
					"@executable_path/Frameworks",
				);
				MARKETING_VERSION = 1.0;
				PRODUCT_BUNDLE_IDENTIFIER = nl.example.TheCatApp;
				PRODUCT_NAME = "$(TARGET_NAME)";
				SUPPORTED_PLATFORMS = "iphoneos iphonesimulator";
				SUPPORTS_MACCATALYST = NO;
				SUPPORTS_MAC_DESIGNED_FOR_IPHONE_IPAD = NO;
				SUPPORTS_XR_DESIGNED_FOR_IPHONE_IPAD = NO;
				SWIFT_EMIT_LOC_STRINGS = YES;
				SWIFT_VERSION = 5.0;
				TARGETED_DEVICE_FAMILY = 1;
			};
			name = Debug;
		};
		2204CD662BB209B000924047 /* Release */ = {
			isa = XCBuildConfiguration;
			buildSettings = {
				ASSETCATALOG_COMPILER_APPICON_NAME = AppIcon;
				ASSETCATALOG_COMPILER_GLOBAL_ACCENT_COLOR_NAME = AccentColor;
				CODE_SIGN_STYLE = Automatic;
				CURRENT_PROJECT_VERSION = 1;
				DEVELOPMENT_ASSET_PATHS = "\"TheCatApp/Preview Content\"";
				DEVELOPMENT_TEAM = CKPBCWX94W;
				ENABLE_PREVIEWS = YES;
				GENERATE_INFOPLIST_FILE = YES;
				INFOPLIST_KEY_CFBundleDisplayName = "The Cat App";
				INFOPLIST_KEY_UIApplicationSceneManifest_Generation = YES;
				INFOPLIST_KEY_UIApplicationSupportsIndirectInputEvents = YES;
				INFOPLIST_KEY_UILaunchScreen_Generation = YES;
				INFOPLIST_KEY_UISupportedInterfaceOrientations = UIInterfaceOrientationPortrait;
				INFOPLIST_KEY_UISupportedInterfaceOrientations_iPad = "UIInterfaceOrientationLandscapeLeft UIInterfaceOrientationLandscapeRight UIInterfaceOrientationPortrait UIInterfaceOrientationPortraitUpsideDown";
				IPHONEOS_DEPLOYMENT_TARGET = 16.0;
				LD_RUNPATH_SEARCH_PATHS = (
					"$(inherited)",
					"@executable_path/Frameworks",
				);
				MARKETING_VERSION = 1.0;
				PRODUCT_BUNDLE_IDENTIFIER = nl.example.TheCatApp;
				PRODUCT_NAME = "$(TARGET_NAME)";
				SUPPORTED_PLATFORMS = "iphoneos iphonesimulator";
				SUPPORTS_MACCATALYST = NO;
				SUPPORTS_MAC_DESIGNED_FOR_IPHONE_IPAD = NO;
				SUPPORTS_XR_DESIGNED_FOR_IPHONE_IPAD = NO;
				SWIFT_EMIT_LOC_STRINGS = YES;
				SWIFT_VERSION = 5.0;
				TARGETED_DEVICE_FAMILY = 1;
			};
			name = Release;
		};
/* End XCBuildConfiguration section */

/* Begin XCConfigurationList section */
		2204CD512BB209AF00924047 /* Build configuration list for PBXProject "TheCatApp" */ = {
			isa = XCConfigurationList;
			buildConfigurations = (
				2204CD622BB209B000924047 /* Debug */,
				2204CD632BB209B000924047 /* Release */,
			);
			defaultConfigurationIsVisible = 0;
			defaultConfigurationName = Release;
		};
		2204CD642BB209B000924047 /* Build configuration list for PBXNativeTarget "TheCatApp" */ = {
			isa = XCConfigurationList;
			buildConfigurations = (
				2204CD652BB209B000924047 /* Debug */,
				2204CD662BB209B000924047 /* Release */,
			);
			defaultConfigurationIsVisible = 0;
			defaultConfigurationName = Release;
		};
/* End XCConfigurationList section */
	};
	rootObject = 2204CD4E2BB209AF00924047 /* Project object */;
}
